// !$*UTF8*$!
{
	archiveVersion = 1;
	classes = {
	};
	objectVersion = 50;
	objects = {

/* Begin PBXBuildFile section */
		08853BBA216C00D9003F7B6E /* AppDelegate.swift in Sources */ = {isa = PBXBuildFile; fileRef = 08853BB9216C00D9003F7B6E /* AppDelegate.swift */; };
		08853BBF216C00D9003F7B6E /* Main.storyboard in Resources */ = {isa = PBXBuildFile; fileRef = 08853BBD216C00D9003F7B6E /* Main.storyboard */; };
		08853BC1216C00DC003F7B6E /* Assets.xcassets in Resources */ = {isa = PBXBuildFile; fileRef = 08853BC0216C00DC003F7B6E /* Assets.xcassets */; };
		08853BC4216C00DC003F7B6E /* LaunchScreen.storyboard in Resources */ = {isa = PBXBuildFile; fileRef = 08853BC2216C00DC003F7B6E /* LaunchScreen.storyboard */; };
		08853BCF216C00DC003F7B6E /* PhotosTests.swift in Sources */ = {isa = PBXBuildFile; fileRef = 08853BCE216C00DC003F7B6E /* PhotosTests.swift */; };
		08853BDA216C00DC003F7B6E /* PhotosUITests.swift in Sources */ = {isa = PBXBuildFile; fileRef = 08853BD9216C00DC003F7B6E /* PhotosUITests.swift */; };
		08853BE82170126D003F7B6E /* PhotosViewController.swift in Sources */ = {isa = PBXBuildFile; fileRef = 08853BE72170126D003F7B6E /* PhotosViewController.swift */; };
/* End PBXBuildFile section */

/* Begin PBXContainerItemProxy section */
		08853BCB216C00DC003F7B6E /* PBXContainerItemProxy */ = {
			isa = PBXContainerItemProxy;
			containerPortal = 08853BAE216C00D9003F7B6E /* Project object */;
			proxyType = 1;
			remoteGlobalIDString = 08853BB5216C00D9003F7B6E;
			remoteInfo = Photos;
		};
		08853BD6216C00DC003F7B6E /* PBXContainerItemProxy */ = {
			isa = PBXContainerItemProxy;
			containerPortal = 08853BAE216C00D9003F7B6E /* Project object */;
			proxyType = 1;
			remoteGlobalIDString = 08853BB5216C00D9003F7B6E;
			remoteInfo = Photos;
		};
/* End PBXContainerItemProxy section */

/* Begin PBXFileReference section */
		08853BB6216C00D9003F7B6E /* Photos.app */ = {isa = PBXFileReference; explicitFileType = wrapper.application; includeInIndex = 0; path = Photos.app; sourceTree = BUILT_PRODUCTS_DIR; };
		08853BB9216C00D9003F7B6E /* AppDelegate.swift */ = {isa = PBXFileReference; lastKnownFileType = sourcecode.swift; path = AppDelegate.swift; sourceTree = "<group>"; };
		08853BBE216C00D9003F7B6E /* Base */ = {isa = PBXFileReference; lastKnownFileType = file.storyboard; name = Base; path = Base.lproj/Main.storyboard; sourceTree = "<group>"; };
		08853BC0216C00DC003F7B6E /* Assets.xcassets */ = {isa = PBXFileReference; lastKnownFileType = folder.assetcatalog; path = Assets.xcassets; sourceTree = "<group>"; };
		08853BC3216C00DC003F7B6E /* Base */ = {isa = PBXFileReference; lastKnownFileType = file.storyboard; name = Base; path = Base.lproj/LaunchScreen.storyboard; sourceTree = "<group>"; };
		08853BC5216C00DC003F7B6E /* Info.plist */ = {isa = PBXFileReference; lastKnownFileType = text.plist.xml; path = Info.plist; sourceTree = "<group>"; };
		08853BCA216C00DC003F7B6E /* PhotosTests.xctest */ = {isa = PBXFileReference; explicitFileType = wrapper.cfbundle; includeInIndex = 0; path = PhotosTests.xctest; sourceTree = BUILT_PRODUCTS_DIR; };
		08853BCE216C00DC003F7B6E /* PhotosTests.swift */ = {isa = PBXFileReference; lastKnownFileType = sourcecode.swift; path = PhotosTests.swift; sourceTree = "<group>"; };
		08853BD0216C00DC003F7B6E /* Info.plist */ = {isa = PBXFileReference; lastKnownFileType = text.plist.xml; path = Info.plist; sourceTree = "<group>"; };
		08853BD5216C00DC003F7B6E /* PhotosUITests.xctest */ = {isa = PBXFileReference; explicitFileType = wrapper.cfbundle; includeInIndex = 0; path = PhotosUITests.xctest; sourceTree = BUILT_PRODUCTS_DIR; };
		08853BD9216C00DC003F7B6E /* PhotosUITests.swift */ = {isa = PBXFileReference; lastKnownFileType = sourcecode.swift; path = PhotosUITests.swift; sourceTree = "<group>"; };
		08853BDB216C00DC003F7B6E /* Info.plist */ = {isa = PBXFileReference; lastKnownFileType = text.plist.xml; path = Info.plist; sourceTree = "<group>"; };
		08853BE72170126D003F7B6E /* PhotosViewController.swift */ = {isa = PBXFileReference; lastKnownFileType = sourcecode.swift; path = PhotosViewController.swift; sourceTree = "<group>"; };
/* End PBXFileReference section */

/* Begin PBXFrameworksBuildPhase section */
		08853BB3216C00D9003F7B6E /* Frameworks */ = {
			isa = PBXFrameworksBuildPhase;
			buildActionMask = 2147483647;
			files = (
			);
			runOnlyForDeploymentPostprocessing = 0;
		};
		08853BC7216C00DC003F7B6E /* Frameworks */ = {
			isa = PBXFrameworksBuildPhase;
			buildActionMask = 2147483647;
			files = (
			);
			runOnlyForDeploymentPostprocessing = 0;
		};
		08853BD2216C00DC003F7B6E /* Frameworks */ = {
			isa = PBXFrameworksBuildPhase;
			buildActionMask = 2147483647;
			files = (
			);
			runOnlyForDeploymentPostprocessing = 0;
		};
/* End PBXFrameworksBuildPhase section */

/* Begin PBXGroup section */
		08853BAD216C00D9003F7B6E = {
			isa = PBXGroup;
			children = (
				08853BB8216C00D9003F7B6E /* Photos */,
				08853BCD216C00DC003F7B6E /* PhotosTests */,
				08853BD8216C00DC003F7B6E /* PhotosUITests */,
				08853BB7216C00D9003F7B6E /* Products */,
			);
			sourceTree = "<group>";
		};
		08853BB7216C00D9003F7B6E /* Products */ = {
			isa = PBXGroup;
			children = (
				08853BB6216C00D9003F7B6E /* Photos.app */,
				08853BCA216C00DC003F7B6E /* PhotosTests.xctest */,
				08853BD5216C00DC003F7B6E /* PhotosUITests.xctest */,
			);
			name = Products;
			sourceTree = "<group>";
		};
		08853BB8216C00D9003F7B6E /* Photos */ = {
			isa = PBXGroup;
			children = (
				08853BB9216C00D9003F7B6E /* AppDelegate.swift */,
				08853BBD216C00D9003F7B6E /* Main.storyboard */,
				08853BC0216C00DC003F7B6E /* Assets.xcassets */,
				08853BC2216C00DC003F7B6E /* LaunchScreen.storyboard */,
				08853BC5216C00DC003F7B6E /* Info.plist */,
				08853BE72170126D003F7B6E /* PhotosViewController.swift */,
			);
			path = Photos;
			sourceTree = "<group>";
		};
		08853BCD216C00DC003F7B6E /* PhotosTests */ = {
			isa = PBXGroup;
			children = (
				08853BCE216C00DC003F7B6E /* PhotosTests.swift */,
				08853BD0216C00DC003F7B6E /* Info.plist */,
			);
			path = PhotosTests;
			sourceTree = "<group>";
		};
		08853BD8216C00DC003F7B6E /* PhotosUITests */ = {
			isa = PBXGroup;
			children = (
				08853BD9216C00DC003F7B6E /* PhotosUITests.swift */,
				08853BDB216C00DC003F7B6E /* Info.plist */,
			);
			path = PhotosUITests;
			sourceTree = "<group>";
		};
/* End PBXGroup section */

/* Begin PBXNativeTarget section */
		08853BB5216C00D9003F7B6E /* Photos */ = {
			isa = PBXNativeTarget;
			buildConfigurationList = 08853BDE216C00DC003F7B6E /* Build configuration list for PBXNativeTarget "Photos" */;
			buildPhases = (
				08853BB2216C00D9003F7B6E /* Sources */,
				08853BB3216C00D9003F7B6E /* Frameworks */,
				08853BB4216C00D9003F7B6E /* Resources */,
			);
			buildRules = (
			);
			dependencies = (
			);
			name = Photos;
			productName = Photos;
			productReference = 08853BB6216C00D9003F7B6E /* Photos.app */;
			productType = "com.apple.product-type.application";
		};
		08853BC9216C00DC003F7B6E /* PhotosTests */ = {
			isa = PBXNativeTarget;
			buildConfigurationList = 08853BE1216C00DC003F7B6E /* Build configuration list for PBXNativeTarget "PhotosTests" */;
			buildPhases = (
				08853BC6216C00DC003F7B6E /* Sources */,
				08853BC7216C00DC003F7B6E /* Frameworks */,
				08853BC8216C00DC003F7B6E /* Resources */,
			);
			buildRules = (
			);
			dependencies = (
				08853BCC216C00DC003F7B6E /* PBXTargetDependency */,
			);
			name = PhotosTests;
			productName = PhotosTests;
			productReference = 08853BCA216C00DC003F7B6E /* PhotosTests.xctest */;
			productType = "com.apple.product-type.bundle.unit-test";
		};
		08853BD4216C00DC003F7B6E /* PhotosUITests */ = {
			isa = PBXNativeTarget;
			buildConfigurationList = 08853BE4216C00DC003F7B6E /* Build configuration list for PBXNativeTarget "PhotosUITests" */;
			buildPhases = (
				08853BD1216C00DC003F7B6E /* Sources */,
				08853BD2216C00DC003F7B6E /* Frameworks */,
				08853BD3216C00DC003F7B6E /* Resources */,
			);
			buildRules = (
			);
			dependencies = (
				08853BD7216C00DC003F7B6E /* PBXTargetDependency */,
			);
			name = PhotosUITests;
			productName = PhotosUITests;
			productReference = 08853BD5216C00DC003F7B6E /* PhotosUITests.xctest */;
			productType = "com.apple.product-type.bundle.ui-testing";
		};
/* End PBXNativeTarget section */

/* Begin PBXProject section */
		08853BAE216C00D9003F7B6E /* Project object */ = {
			isa = PBXProject;
			attributes = {
				LastSwiftUpdateCheck = 1000;
				LastUpgradeCheck = 1000;
				ORGANIZATIONNAME = "Olivia Bishop";
				TargetAttributes = {
					08853BB5216C00D9003F7B6E = {
						CreatedOnToolsVersion = 10.0;
					};
					08853BC9216C00DC003F7B6E = {
						CreatedOnToolsVersion = 10.0;
						TestTargetID = 08853BB5216C00D9003F7B6E;
					};
					08853BD4216C00DC003F7B6E = {
						CreatedOnToolsVersion = 10.0;
						TestTargetID = 08853BB5216C00D9003F7B6E;
					};
				};
			};
			buildConfigurationList = 08853BB1216C00D9003F7B6E /* Build configuration list for PBXProject "Photos" */;
			compatibilityVersion = "Xcode 9.3";
			developmentRegion = en;
			hasScannedForEncodings = 0;
			knownRegions = (
				en,
				Base,
			);
			mainGroup = 08853BAD216C00D9003F7B6E;
			productRefGroup = 08853BB7216C00D9003F7B6E /* Products */;
			projectDirPath = "";
			projectRoot = "";
			targets = (
				08853BB5216C00D9003F7B6E /* Photos */,
				08853BC9216C00DC003F7B6E /* PhotosTests */,
				08853BD4216C00DC003F7B6E /* PhotosUITests */,
			);
		};
/* End PBXProject section */

/* Begin PBXResourcesBuildPhase section */
		08853BB4216C00D9003F7B6E /* Resources */ = {
			isa = PBXResourcesBuildPhase;
			buildActionMask = 2147483647;
			files = (
				08853BC4216C00DC003F7B6E /* LaunchScreen.storyboard in Resources */,
				08853BC1216C00DC003F7B6E /* Assets.xcassets in Resources */,
				08853BBF216C00D9003F7B6E /* Main.storyboard in Resources */,
			);
			runOnlyForDeploymentPostprocessing = 0;
		};
		08853BC8216C00DC003F7B6E /* Resources */ = {
			isa = PBXResourcesBuildPhase;
			buildActionMask = 2147483647;
			files = (
			);
			runOnlyForDeploymentPostprocessing = 0;
		};
		08853BD3216C00DC003F7B6E /* Resources */ = {
			isa = PBXResourcesBuildPhase;
			buildActionMask = 2147483647;
			files = (
			);
			runOnlyForDeploymentPostprocessing = 0;
		};
/* End PBXResourcesBuildPhase section */

/* Begin PBXSourcesBuildPhase section */
		08853BB2216C00D9003F7B6E /* Sources */ = {
			isa = PBXSourcesBuildPhase;
			buildActionMask = 2147483647;
			files = (
				08853BBA216C00D9003F7B6E /* AppDelegate.swift in Sources */,
				08853BE82170126D003F7B6E /* PhotosViewController.swift in Sources */,
			);
			runOnlyForDeploymentPostprocessing = 0;
		};
		08853BC6216C00DC003F7B6E /* Sources */ = {
			isa = PBXSourcesBuildPhase;
			buildActionMask = 2147483647;
			files = (
				08853BCF216C00DC003F7B6E /* PhotosTests.swift in Sources */,
			);
			runOnlyForDeploymentPostprocessing = 0;
		};
		08853BD1216C00DC003F7B6E /* Sources */ = {
			isa = PBXSourcesBuildPhase;
			buildActionMask = 2147483647;
			files = (
				08853BDA216C00DC003F7B6E /* PhotosUITests.swift in Sources */,
			);
			runOnlyForDeploymentPostprocessing = 0;
		};
/* End PBXSourcesBuildPhase section */

/* Begin PBXTargetDependency section */
		08853BCC216C00DC003F7B6E /* PBXTargetDependency */ = {
			isa = PBXTargetDependency;
			target = 08853BB5216C00D9003F7B6E /* Photos */;
			targetProxy = 08853BCB216C00DC003F7B6E /* PBXContainerItemProxy */;
		};
		08853BD7216C00DC003F7B6E /* PBXTargetDependency */ = {
			isa = PBXTargetDependency;
			target = 08853BB5216C00D9003F7B6E /* Photos */;
			targetProxy = 08853BD6216C00DC003F7B6E /* PBXContainerItemProxy */;
		};
/* End PBXTargetDependency section */

/* Begin PBXVariantGroup section */
		08853BBD216C00D9003F7B6E /* Main.storyboard */ = {
			isa = PBXVariantGroup;
			children = (
				08853BBE216C00D9003F7B6E /* Base */,
			);
			name = Main.storyboard;
			sourceTree = "<group>";
		};
		08853BC2216C00DC003F7B6E /* LaunchScreen.storyboard */ = {
			isa = PBXVariantGroup;
			children = (
				08853BC3216C00DC003F7B6E /* Base */,
			);
			name = LaunchScreen.storyboard;
			sourceTree = "<group>";
		};
/* End PBXVariantGroup section */

/* Begin XCBuildConfiguration section */
		08853BDC216C00DC003F7B6E /* Debug */ = {
			isa = XCBuildConfiguration;
			buildSettings = {
				ALWAYS_SEARCH_USER_PATHS = NO;
				CLANG_ANALYZER_NONNULL = YES;
				CLANG_ANALYZER_NUMBER_OBJECT_CONVERSION = YES_AGGRESSIVE;
				CLANG_CXX_LANGUAGE_STANDARD = "gnu++14";
				CLANG_CXX_LIBRARY = "libc++";
				CLANG_ENABLE_MODULES = YES;
				CLANG_ENABLE_OBJC_ARC = YES;
				CLANG_ENABLE_OBJC_WEAK = YES;
				CLANG_WARN_BLOCK_CAPTURE_AUTORELEASING = YES;
				CLANG_WARN_BOOL_CONVERSION = YES;
				CLANG_WARN_COMMA = YES;
				CLANG_WARN_CONSTANT_CONVERSION = YES;
				CLANG_WARN_DEPRECATED_OBJC_IMPLEMENTATIONS = YES;
				CLANG_WARN_DIRECT_OBJC_ISA_USAGE = YES_ERROR;
				CLANG_WARN_DOCUMENTATION_COMMENTS = YES;
				CLANG_WARN_EMPTY_BODY = YES;
				CLANG_WARN_ENUM_CONVERSION = YES;
				CLANG_WARN_INFINITE_RECURSION = YES;
				CLANG_WARN_INT_CONVERSION = YES;
				CLANG_WARN_NON_LITERAL_NULL_CONVERSION = YES;
				CLANG_WARN_OBJC_IMPLICIT_RETAIN_SELF = YES;
				CLANG_WARN_OBJC_LITERAL_CONVERSION = YES;
				CLANG_WARN_OBJC_ROOT_CLASS = YES_ERROR;
				CLANG_WARN_RANGE_LOOP_ANALYSIS = YES;
				CLANG_WARN_STRICT_PROTOTYPES = YES;
				CLANG_WARN_SUSPICIOUS_MOVE = YES;
				CLANG_WARN_UNGUARDED_AVAILABILITY = YES_AGGRESSIVE;
				CLANG_WARN_UNREACHABLE_CODE = YES;
				CLANG_WARN__DUPLICATE_METHOD_MATCH = YES;
				CODE_SIGN_IDENTITY = "iPhone Developer";
				COPY_PHASE_STRIP = NO;
				DEBUG_INFORMATION_FORMAT = dwarf;
				ENABLE_STRICT_OBJC_MSGSEND = YES;
				ENABLE_TESTABILITY = YES;
				GCC_C_LANGUAGE_STANDARD = gnu11;
				GCC_DYNAMIC_NO_PIC = NO;
				GCC_NO_COMMON_BLOCKS = YES;
				GCC_OPTIMIZATION_LEVEL = 0;
				GCC_PREPROCESSOR_DEFINITIONS = (
					"DEBUG=1",
					"$(inherited)",
				);
				GCC_WARN_64_TO_32_BIT_CONVERSION = YES;
				GCC_WARN_ABOUT_RETURN_TYPE = YES_ERROR;
				GCC_WARN_UNDECLARED_SELECTOR = YES;
				GCC_WARN_UNINITIALIZED_AUTOS = YES_AGGRESSIVE;
				GCC_WARN_UNUSED_FUNCTION = YES;
				GCC_WARN_UNUSED_VARIABLE = YES;
				IPHONEOS_DEPLOYMENT_TARGET = 12.0;
				MTL_ENABLE_DEBUG_INFO = INCLUDE_SOURCE;
				MTL_FAST_MATH = YES;
				ONLY_ACTIVE_ARCH = YES;
				SDKROOT = iphoneos;
				SWIFT_ACTIVE_COMPILATION_CONDITIONS = DEBUG;
				SWIFT_OPTIMIZATION_LEVEL = "-Onone";
			};
			name = Debug;
		};
		08853BDD216C00DC003F7B6E /* Release */ = {
			isa = XCBuildConfiguration;
			buildSettings = {
				ALWAYS_SEARCH_USER_PATHS = NO;
				CLANG_ANALYZER_NONNULL = YES;
				CLANG_ANALYZER_NUMBER_OBJECT_CONVERSION = YES_AGGRESSIVE;
				CLANG_CXX_LANGUAGE_STANDARD = "gnu++14";
				CLANG_CXX_LIBRARY = "libc++";
				CLANG_ENABLE_MODULES = YES;
				CLANG_ENABLE_OBJC_ARC = YES;
				CLANG_ENABLE_OBJC_WEAK = YES;
				CLANG_WARN_BLOCK_CAPTURE_AUTORELEASING = YES;
				CLANG_WARN_BOOL_CONVERSION = YES;
				CLANG_WARN_COMMA = YES;
				CLANG_WARN_CONSTANT_CONVERSION = YES;
				CLANG_WARN_DEPRECATED_OBJC_IMPLEMENTATIONS = YES;
				CLANG_WARN_DIRECT_OBJC_ISA_USAGE = YES_ERROR;
				CLANG_WARN_DOCUMENTATION_COMMENTS = YES;
				CLANG_WARN_EMPTY_BODY = YES;
				CLANG_WARN_ENUM_CONVERSION = YES;
				CLANG_WARN_INFINITE_RECURSION = YES;
				CLANG_WARN_INT_CONVERSION = YES;
				CLANG_WARN_NON_LITERAL_NULL_CONVERSION = YES;
				CLANG_WARN_OBJC_IMPLICIT_RETAIN_SELF = YES;
				CLANG_WARN_OBJC_LITERAL_CONVERSION = YES;
				CLANG_WARN_OBJC_ROOT_CLASS = YES_ERROR;
				CLANG_WARN_RANGE_LOOP_ANALYSIS = YES;
				CLANG_WARN_STRICT_PROTOTYPES = YES;
				CLANG_WARN_SUSPICIOUS_MOVE = YES;
				CLANG_WARN_UNGUARDED_AVAILABILITY = YES_AGGRESSIVE;
				CLANG_WARN_UNREACHABLE_CODE = YES;
				CLANG_WARN__DUPLICATE_METHOD_MATCH = YES;
				CODE_SIGN_IDENTITY = "iPhone Developer";
				COPY_PHASE_STRIP = NO;
				DEBUG_INFORMATION_FORMAT = "dwarf-with-dsym";
				ENABLE_NS_ASSERTIONS = NO;
				ENABLE_STRICT_OBJC_MSGSEND = YES;
				GCC_C_LANGUAGE_STANDARD = gnu11;
				GCC_NO_COMMON_BLOCKS = YES;
				GCC_WARN_64_TO_32_BIT_CONVERSION = YES;
				GCC_WARN_ABOUT_RETURN_TYPE = YES_ERROR;
				GCC_WARN_UNDECLARED_SELECTOR = YES;
				GCC_WARN_UNINITIALIZED_AUTOS = YES_AGGRESSIVE;
				GCC_WARN_UNUSED_FUNCTION = YES;
				GCC_WARN_UNUSED_VARIABLE = YES;
				IPHONEOS_DEPLOYMENT_TARGET = 12.0;
				MTL_ENABLE_DEBUG_INFO = NO;
				MTL_FAST_MATH = YES;
				SDKROOT = iphoneos;
				SWIFT_COMPILATION_MODE = wholemodule;
				SWIFT_OPTIMIZATION_LEVEL = "-O";
				VALIDATE_PRODUCT = YES;
			};
			name = Release;
		};
		08853BDF216C00DC003F7B6E /* Debug */ = {
			isa = XCBuildConfiguration;
			buildSettings = {
				ASSETCATALOG_COMPILER_APPICON_NAME = AppIcon;
				CODE_SIGN_STYLE = Automatic;
				DEVELOPMENT_TEAM = 9KJ6CCKPZ5;
				INFOPLIST_FILE = Photos/Info.plist;
				LD_RUNPATH_SEARCH_PATHS = (
					"$(inherited)",
					"@executable_path/Frameworks",
				);
				PRODUCT_BUNDLE_IDENTIFIER = online.oliviabishop.Photos;
				PRODUCT_NAME = "$(TARGET_NAME)";
				SWIFT_VERSION = 4.2;
				TARGETED_DEVICE_FAMILY = "1,2";
			};
			name = Debug;
		};
		08853BE0216C00DC003F7B6E /* Release */ = {
			isa = XCBuildConfiguration;
			buildSettings = {
				ASSETCATALOG_COMPILER_APPICON_NAME = AppIcon;
				CODE_SIGN_STYLE = Automatic;
				DEVELOPMENT_TEAM = 9KJ6CCKPZ5;
				INFOPLIST_FILE = Photos/Info.plist;
				LD_RUNPATH_SEARCH_PATHS = (
					"$(inherited)",
					"@executable_path/Frameworks",
				);
				PRODUCT_BUNDLE_IDENTIFIER = online.oliviabishop.Photos;
				PRODUCT_NAME = "$(TARGET_NAME)";
				SWIFT_VERSION = 4.2;
				TARGETED_DEVICE_FAMILY = "1,2";
			};
			name = Release;
		};
		08853BE2216C00DC003F7B6E /* Debug */ = {
			isa = XCBuildConfiguration;
			buildSettings = {
				ALWAYS_EMBED_SWIFT_STANDARD_LIBRARIES = YES;
				BUNDLE_LOADER = "$(TEST_HOST)";
				CODE_SIGN_STYLE = Automatic;
				INFOPLIST_FILE = PhotosTests/Info.plist;
				LD_RUNPATH_SEARCH_PATHS = (
					"$(inherited)",
					"@executable_path/Frameworks",
					"@loader_path/Frameworks",
				);
				PRODUCT_BUNDLE_IDENTIFIER = online.oliviabishop.PhotosTests;
				PRODUCT_NAME = "$(TARGET_NAME)";
				SWIFT_VERSION = 4.2;
				TARGETED_DEVICE_FAMILY = "1,2";
				TEST_HOST = "$(BUILT_PRODUCTS_DIR)/Photos.app/Photos";
			};
			name = Debug;
		};
		08853BE3216C00DC003F7B6E /* Release */ = {
			isa = XCBuildConfiguration;
			buildSettings = {
				ALWAYS_EMBED_SWIFT_STANDARD_LIBRARIES = YES;
				BUNDLE_LOADER = "$(TEST_HOST)";
				CODE_SIGN_STYLE = Automatic;
				INFOPLIST_FILE = PhotosTests/Info.plist;
				LD_RUNPATH_SEARCH_PATHS = (
					"$(inherited)",
					"@executable_path/Frameworks",
					"@loader_path/Frameworks",
				);
				PRODUCT_BUNDLE_IDENTIFIER = online.oliviabishop.PhotosTests;
				PRODUCT_NAME = "$(TARGET_NAME)";
				SWIFT_VERSION = 4.2;
				TARGETED_DEVICE_FAMILY = "1,2";
				TEST_HOST = "$(BUILT_PRODUCTS_DIR)/Photos.app/Photos";
			};
			name = Release;
		};
		08853BE5216C00DC003F7B6E /* Debug */ = {
			isa = XCBuildConfiguration;
			buildSettings = {
				ALWAYS_EMBED_SWIFT_STANDARD_LIBRARIES = YES;
				CODE_SIGN_STYLE = Automatic;
				INFOPLIST_FILE = PhotosUITests/Info.plist;
				LD_RUNPATH_SEARCH_PATHS = (
					"$(inherited)",
					"@executable_path/Frameworks",
					"@loader_path/Frameworks",
				);
				PRODUCT_BUNDLE_IDENTIFIER = online.oliviabishop.PhotosUITests;
				PRODUCT_NAME = "$(TARGET_NAME)";
				SWIFT_VERSION = 4.2;
				TARGETED_DEVICE_FAMILY = "1,2";
				TEST_TARGET_NAME = Photos;
			};
			name = Debug;
		};
		08853BE6216C00DC003F7B6E /* Release */ = {
			isa = XCBuildConfiguration;
			buildSettings = {
				ALWAYS_EMBED_SWIFT_STANDARD_LIBRARIES = YES;
				CODE_SIGN_STYLE = Automatic;
				INFOPLIST_FILE = PhotosUITests/Info.plist;
				LD_RUNPATH_SEARCH_PATHS = (
					"$(inherited)",
					"@executable_path/Frameworks",
					"@loader_path/Frameworks",
				);
				PRODUCT_BUNDLE_IDENTIFIER = online.oliviabishop.PhotosUITests;
				PRODUCT_NAME = "$(TARGET_NAME)";
				SWIFT_VERSION = 4.2;
				TARGETED_DEVICE_FAMILY = "1,2";
				TEST_TARGET_NAME = Photos;
			};
			name = Release;
		};
/* End XCBuildConfiguration section */

/* Begin XCConfigurationList section */
		08853BB1216C00D9003F7B6E /* Build configuration list for PBXProject "Photos" */ = {
			isa = XCConfigurationList;
			buildConfigurations = (
				08853BDC216C00DC003F7B6E /* Debug */,
				08853BDD216C00DC003F7B6E /* Release */,
			);
			defaultConfigurationIsVisible = 0;
			defaultConfigurationName = Release;
		};
		08853BDE216C00DC003F7B6E /* Build configuration list for PBXNativeTarget "Photos" */ = {
			isa = XCConfigurationList;
			buildConfigurations = (
				08853BDF216C00DC003F7B6E /* Debug */,
				08853BE0216C00DC003F7B6E /* Release */,
			);
			defaultConfigurationIsVisible = 0;
			defaultConfigurationName = Release;
		};
		08853BE1216C00DC003F7B6E /* Build configuration list for PBXNativeTarget "PhotosTests" */ = {
			isa = XCConfigurationList;
			buildConfigurations = (
				08853BE2216C00DC003F7B6E /* Debug */,
				08853BE3216C00DC003F7B6E /* Release */,
			);
			defaultConfigurationIsVisible = 0;
			defaultConfigurationName = Release;
		};
		08853BE4216C00DC003F7B6E /* Build configuration list for PBXNativeTarget "PhotosUITests" */ = {
			isa = XCConfigurationList;
			buildConfigurations = (
				08853BE5216C00DC003F7B6E /* Debug */,
				08853BE6216C00DC003F7B6E /* Release */,
			);
			defaultConfigurationIsVisible = 0;
			defaultConfigurationName = Release;
		};
/* End XCConfigurationList section */
	};
	rootObject = 08853BAE216C00D9003F7B6E /* Project object */;
}
